PODS:
  - AFNetworking (3.1.0):
    - AFNetworking/NSURLSession (= 3.1.0)
    - AFNetworking/Reachability (= 3.1.0)
    - AFNetworking/Security (= 3.1.0)
    - AFNetworking/Serialization (= 3.1.0)
    - AFNetworking/UIKit (= 3.1.0)
  - AFNetworking/NSURLSession (3.1.0):
    - AFNetworking/Reachability
    - AFNetworking/Security
    - AFNetworking/Serialization
  - AFNetworking/Reachability (3.1.0)
  - AFNetworking/Security (3.1.0)
  - AFNetworking/Serialization (3.1.0)
  - CryptoSwift (0.8.0)
  - HappyDNS (0.3.12)
  - PromiseKit (4.4.3):
    - PromiseKit/Foundation (= 4.4.3)
    - PromiseKit/QuartzCore (= 4.4.3)
    - PromiseKit/UIKit (= 4.4.3)
  - PromiseKit/CorePromise (4.4.3)
  - PromiseKit/Foundation (4.4.3):
    - PromiseKit/CorePromise
  - PromiseKit/QuartzCore (4.4.3):
    - PromiseKit/CorePromise
  - Qiniu (7.1.8):
    - AFNetworking (~> 3)
    - HappyDNS (~> 0.3)
  - SwiftyJSON (3.1.4)

DEPENDENCIES:
  - CryptoSwift
  - PromiseKit (~> 4.0)
  - Qiniu (~> 7.1)
  - SwiftyJSON

SPEC CHECKSUMS:
  AFNetworking: 5e0e199f73d8626b11e79750991f5d173d1f8b67
  CryptoSwift: f81907430ebbe38b8404b4f6fb40f3c576a8755f
  HappyDNS: 691a3041128055d09866f86e6e9ca90f24da1f18
  PromiseKit: fbb52a0d154402c57eeb6eccd36dd7724fcf6117
  Qiniu: 2f1b9d13904b6a7608a66a2d02c5b7b24575622a
  SwiftyJSON: c2842d878f95482ffceec5709abc3d05680c0220

PODFILE CHECKSUM: 54d396897d3326e5063f860a0d3f97b12a7280a9

COCOAPODS: 1.2.1
